{
  "name": "devcanon",
  "version": "2.1.1",
  "lockfileVersion": 3,
  "requires": true,
  "packages": {
    "": {
      "name": "devcanon",
      "version": "2.1.1",
      "license": "SEE LICENSE IN LICENSE",
      "bin": {
        "devcanon": "bin/aistd.js"
      },
      "engines": {
        "node": ">=20"
      }
    }
  }
}
